
Microsoft Visual Studio Solution File, Format Version 12.00
# Visual Studio Version 17
VisualStudioVersion = 17.1.32407.343
MinimumVisualStudioVersion = 10.0.40219.1
Project("{FAE04EC0-301F-11D3-BF4B-00C04F79EFBC}") = "CITIESAPI_D", "CITIESAPI_D.csproj", "{947140E7-92B7-44F5-8F86-0FF0BD2AD1B3}"
EndProject
Global
	GlobalSection(SolutionConfigurationPlatforms) = preSolution
		Debug|Any CPU = Debug|Any CPU
		Release|Any CPU = Release|Any CPU
	EndGlobalSection
	GlobalSection(ProjectConfigurationPlatforms) = postSolution
		{947140E7-92B7-44F5-8F86-0FF0BD2AD1B3}.Debug|Any CPU.ActiveCfg = Debug|Any CPU
		{947140E7-92B7-44F5-8F86-0FF0BD2AD1B3}.Debug|Any CPU.Build.0 = Debug|Any CPU
		{947140E7-92B7-44F5-8F86-0FF0BD2AD1B3}.Release|Any CPU.ActiveCfg = Release|Any CPU
		{947140E7-92B7-44F5-8F86-0FF0BD2AD1B3}.Release|Any CPU.Build.0 = Release|Any CPU
	EndGlobalSection
	GlobalSection(SolutionProperties) = preSolution
		HideSolutionNode = FALSE
	EndGlobalSection
	GlobalSection(ExtensibilityGlobals) = postSolution
		SolutionGuid = {908BE010-0D3E-44FE-947B-222741219BCB}
	EndGlobalSection
EndGlobal
